
Microsoft Visual Studio Solution File, Format Version 12.00
# Visual Studio 15
VisualStudioVersion = 15.0.27703.2047
MinimumVisualStudioVersion = 10.0.40219.1
Project("{FAE04EC0-301F-11D3-BF4B-00C04F79EFBC}") = "TOS.Web", "TOS.Web\TOS.Web.csproj", "{A5CB5AF0-8515-4500-B36B-A0EFE6EF8B59}"
EndProject
Project("{FAE04EC0-301F-11D3-BF4B-00C04F79EFBC}") = "TOS.BLL", "TOS.BLL\TOS.BLL.csproj", "{656B1811-C2C2-409B-B7D0-29376CCA6C68}"
EndProject
Project("{FAE04EC0-301F-11D3-BF4B-00C04F79EFBC}") = "TOS.DAL", "TOS.DAL\TOS.DAL.csproj", "{22DEB2E6-E5E6-46C8-BA6D-D40B1B40BF9B}"
EndProject
Project("{FAE04EC0-301F-11D3-BF4B-00C04F79EFBC}") = "TOS.Model", "TOS.Model\TOS.Model.csproj", "{320CE900-734C-48F6-89A2-F57BB50AE808}"
EndProject
Project("{FAE04EC0-301F-11D3-BF4B-00C04F79EFBC}") = "TOS.Common", "TOS.Common\TOS.Common.csproj", "{C5D68860-E643-4A5F-88DB-B923A970F951}"
EndProject
Global
	GlobalSection(SolutionConfigurationPlatforms) = preSolution
		Debug|Any CPU = Debug|Any CPU
		Release|Any CPU = Release|Any CPU
	EndGlobalSection
	GlobalSection(ProjectConfigurationPlatforms) = postSolution
		{A5CB5AF0-8515-4500-B36B-A0EFE6EF8B59}.Debug|Any CPU.ActiveCfg = Debug|Any CPU
		{A5CB5AF0-8515-4500-B36B-A0EFE6EF8B59}.Debug|Any CPU.Build.0 = Debug|Any CPU
		{A5CB5AF0-8515-4500-B36B-A0EFE6EF8B59}.Release|Any CPU.ActiveCfg = Release|Any CPU
		{A5CB5AF0-8515-4500-B36B-A0EFE6EF8B59}.Release|Any CPU.Build.0 = Release|Any CPU
		{656B1811-C2C2-409B-B7D0-29376CCA6C68}.Debug|Any CPU.ActiveCfg = Debug|Any CPU
		{656B1811-C2C2-409B-B7D0-29376CCA6C68}.Debug|Any CPU.Build.0 = Debug|Any CPU
		{656B1811-C2C2-409B-B7D0-29376CCA6C68}.Release|Any CPU.ActiveCfg = Release|Any CPU
		{656B1811-C2C2-409B-B7D0-29376CCA6C68}.Release|Any CPU.Build.0 = Release|Any CPU
		{22DEB2E6-E5E6-46C8-BA6D-D40B1B40BF9B}.Debug|Any CPU.ActiveCfg = Debug|Any CPU
		{22DEB2E6-E5E6-46C8-BA6D-D40B1B40BF9B}.Debug|Any CPU.Build.0 = Debug|Any CPU
		{22DEB2E6-E5E6-46C8-BA6D-D40B1B40BF9B}.Release|Any CPU.ActiveCfg = Release|Any CPU
		{22DEB2E6-E5E6-46C8-BA6D-D40B1B40BF9B}.Release|Any CPU.Build.0 = Release|Any CPU
		{320CE900-734C-48F6-89A2-F57BB50AE808}.Debug|Any CPU.ActiveCfg = Debug|Any CPU
		{320CE900-734C-48F6-89A2-F57BB50AE808}.Debug|Any CPU.Build.0 = Debug|Any CPU
		{320CE900-734C-48F6-89A2-F57BB50AE808}.Release|Any CPU.ActiveCfg = Release|Any CPU
		{320CE900-734C-48F6-89A2-F57BB50AE808}.Release|Any CPU.Build.0 = Release|Any CPU
		{C5D68860-E643-4A5F-88DB-B923A970F951}.Debug|Any CPU.ActiveCfg = Debug|Any CPU
		{C5D68860-E643-4A5F-88DB-B923A970F951}.Debug|Any CPU.Build.0 = Debug|Any CPU
		{C5D68860-E643-4A5F-88DB-B923A970F951}.Release|Any CPU.ActiveCfg = Release|Any CPU
		{C5D68860-E643-4A5F-88DB-B923A970F951}.Release|Any CPU.Build.0 = Release|Any CPU
	EndGlobalSection
	GlobalSection(SolutionProperties) = preSolution
		HideSolutionNode = FALSE
	EndGlobalSection
	GlobalSection(ExtensibilityGlobals) = postSolution
		SolutionGuid = {C606791E-472E-477A-BF2E-D48A10308EA0}
	EndGlobalSection
EndGlobal
